# This file was autogenerated by Stack.
# You should not edit this file by hand.
# For more information, please see the documentation at:
#   https://docs.haskellstack.org/en/stable/lock_files

packages:
- completed:
    hackage: logict-state-0.1.1.0@sha256:83d991ad011e7cbd646172c734f9e7bef8f2f31cad5eacda730a8837d10554a1,1333
    pantry-tree:
      sha256: 89ee34691c18837b3d25ea23f728419d3a33753e7369bc141e24edee21ff7cfd
      size: 466
  original:
    hackage: logict-state-0.1.1.0
- completed:
    hackage: uhc-util-0.1.7.0@sha256:eebf21ac6965dfe1a864d47a792a30cee85a0a4363de36cf08a40d4a8c4ad876,2575
    pantry-tree:
      sha256: 47cb9136990906e33ef9209c037eba07e3ce05f22d1a04b601cbda4eded0fd6e
      size: 3190
  original:
    hackage: uhc-util-0.1.7.0
- completed:
    hackage: uuagc-0.9.53.1@sha256:ff22a1145455fa064f870694882249c3fc344987e35fcb10ff7f8e21a239e6bb,3292
    pantry-tree:
      sha256: 8d4c72c15f003edad2661fa1220520330ffd21a2c7b404282c3989f0f324f7b9
      size: 7106
  original:
    hackage: uuagc-0.9.53.1
- completed:
    hackage: uuagc-cabal-1.2.0.0@sha256:4defb1455dedcc3b0222c6f069c51e08fa70b1bd9ec044c0b7accedb49c2c367,1104
    pantry-tree:
      sha256: 44f4802199e40cb060220d6659c66fd3c9a92ef58aca374fa33ead877abfedc9
      size: 576
  original:
    hackage: uuagc-cabal-1.2.0.0
- completed:
    hackage: uulib-0.9.24@sha256:152da205e22befdeeb65e734990142d578456efb6e14e46bfd22e4cb63cd374d,1801
    pantry-tree:
      sha256: 65e2c597dd20e0a985f42a5cbc526a39122aebb347b7c399e414f560b18579be
      size: 2343
  original:
    hackage: uulib-0.9.24
snapshots:
- completed:
    sha256: adbc602422dde10cc330175da7de8609e70afc41449a7e2d6e8b1827aa0e5008
    size: 649342
    url: https://raw.githubusercontent.com/commercialhaskell/stackage-snapshots/master/lts/20/11.yaml
  original:
    url: https://raw.githubusercontent.com/commercialhaskell/stackage-snapshots/master/lts/20/11.yaml
